
Microsoft Visual Studio Solution File, Format Version 12.00
# Visual Studio Version 16
VisualStudioVersion = 16.0.30204.135
MinimumVisualStudioVersion = 10.0.40219.1
Project("{FAE04EC0-301F-11D3-BF4B-00C04F79EFBC}") = "DA_KTLT_1988010", "DA_KTLT_1988010\DA_KTLT_1988010.csproj", "{5AC258C8-C6AB-4602-AE48-3DACBB0B276A}"
EndProject
Global
	GlobalSection(SolutionConfigurationPlatforms) = preSolution
		Debug|Any CPU = Debug|Any CPU
		Release|Any CPU = Release|Any CPU
	EndGlobalSection
	GlobalSection(ProjectConfigurationPlatforms) = postSolution
		{5AC258C8-C6AB-4602-AE48-3DACBB0B276A}.Debug|Any CPU.ActiveCfg = Debug|Any CPU
		{5AC258C8-C6AB-4602-AE48-3DACBB0B276A}.Debug|Any CPU.Build.0 = Debug|Any CPU
		{5AC258C8-C6AB-4602-AE48-3DACBB0B276A}.Release|Any CPU.ActiveCfg = Release|Any CPU
		{5AC258C8-C6AB-4602-AE48-3DACBB0B276A}.Release|Any CPU.Build.0 = Release|Any CPU
	EndGlobalSection
	GlobalSection(SolutionProperties) = preSolution
		HideSolutionNode = FALSE
	EndGlobalSection
	GlobalSection(ExtensibilityGlobals) = postSolution
		SolutionGuid = {6CB48CDC-3A59-43BF-8F7E-96C84F231C72}
	EndGlobalSection
EndGlobal
